# This file is generated by running "yarn install" inside your project.
# Manual changes might be lost - proceed with caution!

__metadata:
  version: 8
  cacheKey: 10c0

"@alloc/quick-lru@npm:^5.2.0":
  version: 5.2.0
  resolution: "@alloc/quick-lru@npm:5.2.0"
  checksum: 10c0/7b878c48b9d25277d0e1a9b8b2f2312a314af806b4129dc902f2bc29ab09b58236e53964689feec187b28c80d2203aff03829754773a707a8a5987f1b7682d92
  languageName: node
  linkType: hard

"@emnapi/runtime@npm:^1.2.0":
  version: 1.3.1
  resolution: "@emnapi/runtime@npm:1.3.1"
  dependencies:
    tslib: "npm:^2.4.0"
  checksum: 10c0/060ffede50f1b619c15083312b80a9e62a5b0c87aa8c1b54854c49766c9d69f8d1d3d87bd963a647071263a320db41b25eaa50b74d6a80dcc763c23dbeaafd6c
  languageName: node
  linkType: hard

"@emotion/is-prop-valid@npm:1.2.2":
  version: 1.2.2
  resolution: "@emotion/is-prop-valid@npm:1.2.2"
  dependencies:
    "@emotion/memoize": "npm:^0.8.1"
  checksum: 10c0/bb1530dcb4e0e5a4fabb219279f2d0bc35796baf66f6241f98b0d03db1985c890a8cafbea268e0edefd5eeda143dbd5c09a54b5fba74cee8c69b98b13194af50
  languageName: node
  linkType: hard

"@emotion/memoize@npm:^0.8.1":
  version: 0.8.1
  resolution: "@emotion/memoize@npm:0.8.1"
  checksum: 10c0/dffed372fc3b9fa2ba411e76af22b6bb686fb0cb07694fdfaa6dd2baeb0d5e4968c1a7caa472bfcf06a5997d5e7c7d16b90e993f9a6ffae79a2c3dbdc76dfe78
  languageName: node
  linkType: hard

"@emotion/unitless@npm:0.8.1":
  version: 0.8.1
  resolution: "@emotion/unitless@npm:0.8.1"
  checksum: 10c0/a1ed508628288f40bfe6dd17d431ed899c067a899fa293a13afe3aed1d70fac0412b8a215fafab0b42829360db687fecd763e5f01a64ddc4a4b58ec3112ff548
  languageName: node
  linkType: hard

"@img/sharp-darwin-arm64@npm:0.33.5":
  version: 0.33.5
  resolution: "@img/sharp-darwin-arm64@npm:0.33.5"
  dependencies:
    "@img/sharp-libvips-darwin-arm64": "npm:1.0.4"
  dependenciesMeta:
    "@img/sharp-libvips-darwin-arm64":
      optional: true
  conditions: os=darwin & cpu=arm64
  languageName: node
  linkType: hard

"@img/sharp-darwin-x64@npm:0.33.5":
  version: 0.33.5
  resolution: "@img/sharp-darwin-x64@npm:0.33.5"
  dependencies:
    "@img/sharp-libvips-darwin-x64": "npm:1.0.4"
  dependenciesMeta:
    "@img/sharp-libvips-darwin-x64":
      optional: true
  conditions: os=darwin & cpu=x64
  languageName: node
  linkType: hard

"@img/sharp-libvips-darwin-arm64@npm:1.0.4":
  version: 1.0.4
  resolution: "@img/sharp-libvips-darwin-arm64@npm:1.0.4"
  conditions: os=darwin & cpu=arm64
  languageName: node
  linkType: hard

"@img/sharp-libvips-darwin-x64@npm:1.0.4":
  version: 1.0.4
  resolution: "@img/sharp-libvips-darwin-x64@npm:1.0.4"
  conditions: os=darwin & cpu=x64
  languageName: node
  linkType: hard

"@img/sharp-libvips-linux-arm64@npm:1.0.4":
  version: 1.0.4
  resolution: "@img/sharp-libvips-linux-arm64@npm:1.0.4"
  conditions: os=linux & cpu=arm64 & libc=glibc
  languageName: node
  linkType: hard

"@img/sharp-libvips-linux-arm@npm:1.0.5":
  version: 1.0.5
  resolution: "@img/sharp-libvips-linux-arm@npm:1.0.5"
  conditions: os=linux & cpu=arm & libc=glibc
  languageName: node
  linkType: hard

"@img/sharp-libvips-linux-s390x@npm:1.0.4":
  version: 1.0.4
  resolution: "@img/sharp-libvips-linux-s390x@npm:1.0.4"
  conditions: os=linux & cpu=s390x & libc=glibc
  languageName: node
  linkType: hard

"@img/sharp-libvips-linux-x64@npm:1.0.4":
  version: 1.0.4
  resolution: "@img/sharp-libvips-linux-x64@npm:1.0.4"
  conditions: os=linux & cpu=x64 & libc=glibc
  languageName: node
  linkType: hard

"@img/sharp-libvips-linuxmusl-arm64@npm:1.0.4":
  version: 1.0.4
  resolution: "@img/sharp-libvips-linuxmusl-arm64@npm:1.0.4"
  conditions: os=linux & cpu=arm64 & libc=musl
  languageName: node
  linkType: hard

"@img/sharp-libvips-linuxmusl-x64@npm:1.0.4":
  version: 1.0.4
  resolution: "@img/sharp-libvips-linuxmusl-x64@npm:1.0.4"
  conditions: os=linux & cpu=x64 & libc=musl
  languageName: node
  linkType: hard

"@img/sharp-linux-arm64@npm:0.33.5":
  version: 0.33.5
  resolution: "@img/sharp-linux-arm64@npm:0.33.5"
  dependencies:
    "@img/sharp-libvips-linux-arm64": "npm:1.0.4"
  dependenciesMeta:
    "@img/sharp-libvips-linux-arm64":
      optional: true
  conditions: os=linux & cpu=arm64 & libc=glibc
  languageName: node
  linkType: hard

"@img/sharp-linux-arm@npm:0.33.5":
  version: 0.33.5
  resolution: "@img/sharp-linux-arm@npm:0.33.5"
  dependencies:
    "@img/sharp-libvips-linux-arm": "npm:1.0.5"
  dependenciesMeta:
    "@img/sharp-libvips-linux-arm":
      optional: true
  conditions: os=linux & cpu=arm & libc=glibc
  languageName: node
  linkType: hard

"@img/sharp-linux-s390x@npm:0.33.5":
  version: 0.33.5
  resolution: "@img/sharp-linux-s390x@npm:0.33.5"
  dependencies:
    "@img/sharp-libvips-linux-s390x": "npm:1.0.4"
  dependenciesMeta:
    "@img/sharp-libvips-linux-s390x":
      optional: true
  conditions: os=linux & cpu=s390x & libc=glibc
  languageName: node
  linkType: hard

"@img/sharp-linux-x64@npm:0.33.5":
  version: 0.33.5
  resolution: "@img/sharp-linux-x64@npm:0.33.5"
  dependencies:
    "@img/sharp-libvips-linux-x64": "npm:1.0.4"
  dependenciesMeta:
    "@img/sharp-libvips-linux-x64":
      optional: true
  conditions: os=linux & cpu=x64 & libc=glibc
  languageName: node
  linkType: hard

"@img/sharp-linuxmusl-arm64@npm:0.33.5":
  version: 0.33.5
  resolution: "@img/sharp-linuxmusl-arm64@npm:0.33.5"
  dependencies:
    "@img/sharp-libvips-linuxmusl-arm64": "npm:1.0.4"
  dependenciesMeta:
    "@img/sharp-libvips-linuxmusl-arm64":
      optional: true
  conditions: os=linux & cpu=arm64 & libc=musl
  languageName: node
  linkType: hard

"@img/sharp-linuxmusl-x64@npm:0.33.5":
  version: 0.33.5
  resolution: "@img/sharp-linuxmusl-x64@npm:0.33.5"
  dependencies:
    "@img/sharp-libvips-linuxmusl-x64": "npm:1.0.4"
  dependenciesMeta:
    "@img/sharp-libvips-linuxmusl-x64":
      optional: true
  conditions: os=linux & cpu=x64 & libc=musl
  languageName: node
  linkType: hard

"@img/sharp-wasm32@npm:0.33.5":
  version: 0.33.5
  resolution: "@img/sharp-wasm32@npm:0.33.5"
  dependencies:
    "@emnapi/runtime": "npm:^1.2.0"
  conditions: cpu=wasm32
  languageName: node
  linkType: hard

"@img/sharp-win32-ia32@npm:0.33.5":
  version: 0.33.5
  resolution: "@img/sharp-win32-ia32@npm:0.33.5"
  conditions: os=win32 & cpu=ia32
  languageName: node
  linkType: hard

"@img/sharp-win32-x64@npm:0.33.5":
  version: 0.33.5
  resolution: "@img/sharp-win32-x64@npm:0.33.5"
  conditions: os=win32 & cpu=x64
  languageName: node
  linkType: hard

"@next/env@npm:15.2.1":
  version: 15.2.1
  resolution: "@next/env@npm:15.2.1"
  checksum: 10c0/776f118c18862950cde7f02885a43879879ea15e0c4ae82da5fbc498a304560373a3c07645ad255524c14b93f33590003a4915b15b39d51c8f99e804d823c583
  languageName: node
  linkType: hard

"@next/swc-darwin-arm64@npm:15.2.1":
  version: 15.2.1
  resolution: "@next/swc-darwin-arm64@npm:15.2.1"
  conditions: os=darwin & cpu=arm64
  languageName: node
  linkType: hard

"@next/swc-darwin-x64@npm:15.2.1":
  version: 15.2.1
  resolution: "@next/swc-darwin-x64@npm:15.2.1"
  conditions: os=darwin & cpu=x64
  languageName: node
  linkType: hard

"@next/swc-linux-arm64-gnu@npm:15.2.1":
  version: 15.2.1
  resolution: "@next/swc-linux-arm64-gnu@npm:15.2.1"
  conditions: os=linux & cpu=arm64 & libc=glibc
  languageName: node
  linkType: hard

"@next/swc-linux-arm64-musl@npm:15.2.1":
  version: 15.2.1
  resolution: "@next/swc-linux-arm64-musl@npm:15.2.1"
  conditions: os=linux & cpu=arm64 & libc=musl
  languageName: node
  linkType: hard

"@next/swc-linux-x64-gnu@npm:15.2.1":
  version: 15.2.1
  resolution: "@next/swc-linux-x64-gnu@npm:15.2.1"
  conditions: os=linux & cpu=x64 & libc=glibc
  languageName: node
  linkType: hard

"@next/swc-linux-x64-musl@npm:15.2.1":
  version: 15.2.1
  resolution: "@next/swc-linux-x64-musl@npm:15.2.1"
  conditions: os=linux & cpu=x64 & libc=musl
  languageName: node
  linkType: hard

"@next/swc-win32-arm64-msvc@npm:15.2.1":
  version: 15.2.1
  resolution: "@next/swc-win32-arm64-msvc@npm:15.2.1"
  conditions: os=win32 & cpu=arm64
  languageName: node
  linkType: hard

"@next/swc-win32-x64-msvc@npm:15.2.1":
  version: 15.2.1
  resolution: "@next/swc-win32-x64-msvc@npm:15.2.1"
  conditions: os=win32 & cpu=x64
  languageName: node
  linkType: hard

"@reduxjs/toolkit@npm:^2.6.1":
  version: 2.6.1
  resolution: "@reduxjs/toolkit@npm:2.6.1"
  dependencies:
    immer: "npm:^10.0.3"
    redux: "npm:^5.0.1"
    redux-thunk: "npm:^3.1.0"
    reselect: "npm:^5.1.0"
  peerDependencies:
    react: ^16.9.0 || ^17.0.0 || ^18 || ^19
    react-redux: ^7.2.1 || ^8.1.3 || ^9.0.0
  peerDependenciesMeta:
    react:
      optional: true
    react-redux:
      optional: true
  checksum: 10c0/6ae5db267f2b0a9da8b59080797c5adb1b92b50c0f2bdd933470206285d684b79ed2b1c4e2d7a0fb4aa9e3772d0e215fdcd3a8e4a4a2aac81400fcd790dbd6cd
  languageName: node
  linkType: hard

"@swc/counter@npm:0.1.3":
  version: 0.1.3
  resolution: "@swc/counter@npm:0.1.3"
  checksum: 10c0/8424f60f6bf8694cfd2a9bca45845bce29f26105cda8cf19cdb9fd3e78dc6338699e4db77a89ae449260bafa1cc6bec307e81e7fb96dbf7dcfce0eea55151356
  languageName: node
  linkType: hard

"@swc/helpers@npm:0.5.15":
  version: 0.5.15
  resolution: "@swc/helpers@npm:0.5.15"
  dependencies:
    tslib: "npm:^2.8.0"
  checksum: 10c0/33002f74f6f885f04c132960835fdfc474186983ea567606db62e86acd0680ca82f34647e8e610f4e1e422d1c16fce729dde22cd3b797ab1fd9061a825dabca4
  languageName: node
  linkType: hard

"@tailwindcss/node@npm:4.0.9":
  version: 4.0.9
  resolution: "@tailwindcss/node@npm:4.0.9"
  dependencies:
    enhanced-resolve: "npm:^5.18.1"
    jiti: "npm:^2.4.2"
    tailwindcss: "npm:4.0.9"
  checksum: 10c0/10da34a2564b4379826a26db0df7c6803dd6cf707833e866dacdd1bff970a3c26005bf4583c1e7b25744fea14a359c2dc7525283837157cade850493cba8e04e
  languageName: node
  linkType: hard

"@tailwindcss/oxide-android-arm64@npm:4.0.9":
  version: 4.0.9
  resolution: "@tailwindcss/oxide-android-arm64@npm:4.0.9"
  conditions: os=android & cpu=arm64
  languageName: node
  linkType: hard

"@tailwindcss/oxide-darwin-arm64@npm:4.0.9":
  version: 4.0.9
  resolution: "@tailwindcss/oxide-darwin-arm64@npm:4.0.9"
  conditions: os=darwin & cpu=arm64
  languageName: node
  linkType: hard

"@tailwindcss/oxide-darwin-x64@npm:4.0.9":
  version: 4.0.9
  resolution: "@tailwindcss/oxide-darwin-x64@npm:4.0.9"
  conditions: os=darwin & cpu=x64
  languageName: node
  linkType: hard

"@tailwindcss/oxide-freebsd-x64@npm:4.0.9":
  version: 4.0.9
  resolution: "@tailwindcss/oxide-freebsd-x64@npm:4.0.9"
  conditions: os=freebsd & cpu=x64
  languageName: node
  linkType: hard

"@tailwindcss/oxide-linux-arm-gnueabihf@npm:4.0.9":
  version: 4.0.9
  resolution: "@tailwindcss/oxide-linux-arm-gnueabihf@npm:4.0.9"
  conditions: os=linux & cpu=arm
  languageName: node
  linkType: hard

"@tailwindcss/oxide-linux-arm64-gnu@npm:4.0.9":
  version: 4.0.9
  resolution: "@tailwindcss/oxide-linux-arm64-gnu@npm:4.0.9"
  conditions: os=linux & cpu=arm64 & libc=glibc
  languageName: node
  linkType: hard

"@tailwindcss/oxide-linux-arm64-musl@npm:4.0.9":
  version: 4.0.9
  resolution: "@tailwindcss/oxide-linux-arm64-musl@npm:4.0.9"
  conditions: os=linux & cpu=arm64 & libc=musl
  languageName: node
  linkType: hard

"@tailwindcss/oxide-linux-x64-gnu@npm:4.0.9":
  version: 4.0.9
  resolution: "@tailwindcss/oxide-linux-x64-gnu@npm:4.0.9"
  conditions: os=linux & cpu=x64 & libc=glibc
  languageName: node
  linkType: hard

"@tailwindcss/oxide-linux-x64-musl@npm:4.0.9":
  version: 4.0.9
  resolution: "@tailwindcss/oxide-linux-x64-musl@npm:4.0.9"
  conditions: os=linux & cpu=x64 & libc=musl
  languageName: node
  linkType: hard

"@tailwindcss/oxide-win32-arm64-msvc@npm:4.0.9":
  version: 4.0.9
  resolution: "@tailwindcss/oxide-win32-arm64-msvc@npm:4.0.9"
  conditions: os=win32 & cpu=arm64
  languageName: node
  linkType: hard

"@tailwindcss/oxide-win32-x64-msvc@npm:4.0.9":
  version: 4.0.9
  resolution: "@tailwindcss/oxide-win32-x64-msvc@npm:4.0.9"
  conditions: os=win32 & cpu=x64
  languageName: node
  linkType: hard

"@tailwindcss/oxide@npm:4.0.9":
  version: 4.0.9
  resolution: "@tailwindcss/oxide@npm:4.0.9"
  dependencies:
    "@tailwindcss/oxide-android-arm64": "npm:4.0.9"
    "@tailwindcss/oxide-darwin-arm64": "npm:4.0.9"
    "@tailwindcss/oxide-darwin-x64": "npm:4.0.9"
    "@tailwindcss/oxide-freebsd-x64": "npm:4.0.9"
    "@tailwindcss/oxide-linux-arm-gnueabihf": "npm:4.0.9"
    "@tailwindcss/oxide-linux-arm64-gnu": "npm:4.0.9"
    "@tailwindcss/oxide-linux-arm64-musl": "npm:4.0.9"
    "@tailwindcss/oxide-linux-x64-gnu": "npm:4.0.9"
    "@tailwindcss/oxide-linux-x64-musl": "npm:4.0.9"
    "@tailwindcss/oxide-win32-arm64-msvc": "npm:4.0.9"
    "@tailwindcss/oxide-win32-x64-msvc": "npm:4.0.9"
  dependenciesMeta:
    "@tailwindcss/oxide-android-arm64":
      optional: true
    "@tailwindcss/oxide-darwin-arm64":
      optional: true
    "@tailwindcss/oxide-darwin-x64":
      optional: true
    "@tailwindcss/oxide-freebsd-x64":
      optional: true
    "@tailwindcss/oxide-linux-arm-gnueabihf":
      optional: true
    "@tailwindcss/oxide-linux-arm64-gnu":
      optional: true
    "@tailwindcss/oxide-linux-arm64-musl":
      optional: true
    "@tailwindcss/oxide-linux-x64-gnu":
      optional: true
    "@tailwindcss/oxide-linux-x64-musl":
      optional: true
    "@tailwindcss/oxide-win32-arm64-msvc":
      optional: true
    "@tailwindcss/oxide-win32-x64-msvc":
      optional: true
  checksum: 10c0/6fe17826e4d29f7d5a9421e8b826f9860b8246857333af4b1defb3924198ecfa3b1b868b1ff09d35c907c251f4bb4df7a35c9bed4f9df6841a0749883dd775f3
  languageName: node
  linkType: hard

"@tailwindcss/postcss@npm:^4":
  version: 4.0.9
  resolution: "@tailwindcss/postcss@npm:4.0.9"
  dependencies:
    "@alloc/quick-lru": "npm:^5.2.0"
    "@tailwindcss/node": "npm:4.0.9"
    "@tailwindcss/oxide": "npm:4.0.9"
    lightningcss: "npm:^1.29.1"
    postcss: "npm:^8.4.41"
    tailwindcss: "npm:4.0.9"
  checksum: 10c0/ee6e2ef244bf4384594a9486df9d680ef892faeafd114236d81e9855154d2f8ef79631febb09064a9df6191251ab631b28ebcbcd78b88bb45a732c855fb3ef68
  languageName: node
  linkType: hard

"@tanstack/query-core@npm:5.67.2":
  version: 5.67.2
  resolution: "@tanstack/query-core@npm:5.67.2"
  checksum: 10c0/1824fbd72d07a575a71565d7fd975270b51bdf311dcfcafe21cf83c4b704af06962bbdd49019994a27edb32013aef51180bf412cca8399ac2d4cf0dc6cc8993c
  languageName: node
  linkType: hard

"@tanstack/react-query@npm:^5.67.2":
  version: 5.67.2
  resolution: "@tanstack/react-query@npm:5.67.2"
  dependencies:
    "@tanstack/query-core": "npm:5.67.2"
  peerDependencies:
    react: ^18 || ^19
  checksum: 10c0/70665f0fb9668475948dd285542eb7c2b15fb9ee6e25dd4c710ce1db4a5bfa5a879983b05d5462b72e4782a09ac2fb5550486592dabb0d37544fdc5e65bafdc3
  languageName: node
  linkType: hard

"@types/stylis@npm:4.2.5":
  version: 4.2.5
  resolution: "@types/stylis@npm:4.2.5"
  checksum: 10c0/23f5b35a3a04f6bb31a29d404fa1bc8e0035fcaff2356b4047743a057e0c37b2eba7efe14d57dd2b95b398cea3bac294d9c6cd93ed307d8c0b7f5d282224b469
  languageName: node
  linkType: hard

"@types/use-sync-external-store@npm:^0.0.6":
  version: 0.0.6
  resolution: "@types/use-sync-external-store@npm:0.0.6"
  checksum: 10c0/77c045a98f57488201f678b181cccd042279aff3da34540ad242f893acc52b358bd0a8207a321b8ac09adbcef36e3236944390e2df4fcedb556ce7bb2a88f2a8
  languageName: node
  linkType: hard

"busboy@npm:1.6.0":
  version: 1.6.0
  resolution: "busboy@npm:1.6.0"
  dependencies:
    streamsearch: "npm:^1.1.0"
  checksum: 10c0/fa7e836a2b82699b6e074393428b91ae579d4f9e21f5ac468e1b459a244341d722d2d22d10920cdd849743dbece6dca11d72de939fb75a7448825cf2babfba1f
  languageName: node
  linkType: hard

"camelize@npm:^1.0.0":
  version: 1.0.1
  resolution: "camelize@npm:1.0.1"
  checksum: 10c0/4c9ac55efd356d37ac483bad3093758236ab686192751d1c9daa43188cc5a07b09bd431eb7458a4efd9ca22424bba23253e7b353feb35d7c749ba040de2385fb
  languageName: node
  linkType: hard

"caniuse-lite@npm:^1.0.30001579":
  version: 1.0.30001702
  resolution: "caniuse-lite@npm:1.0.30001702"
  checksum: 10c0/52d46f41a96d179fd4e387bb6b26898148c31b626ff9aba105d207d2b0f869c7cb32ac67a6e8e0aeba3f03f33145ccfbee237250dfb58dba8b6526b4dd395ac6
  languageName: node
  linkType: hard

"client-only@npm:0.0.1":
  version: 0.0.1
  resolution: "client-only@npm:0.0.1"
  checksum: 10c0/9d6cfd0c19e1c96a434605added99dff48482152af791ec4172fb912a71cff9027ff174efd8cdb2160cc7f377543e0537ffc462d4f279bc4701de3f2a3c4b358
  languageName: node
  linkType: hard

"color-convert@npm:^2.0.1":
  version: 2.0.1
  resolution: "color-convert@npm:2.0.1"
  dependencies:
    color-name: "npm:~1.1.4"
  checksum: 10c0/37e1150172f2e311fe1b2df62c6293a342ee7380da7b9cfdba67ea539909afbd74da27033208d01d6d5cfc65ee7868a22e18d7e7648e004425441c0f8a15a7d7
  languageName: node
  linkType: hard

"color-name@npm:^1.0.0, color-name@npm:~1.1.4":
  version: 1.1.4
  resolution: "color-name@npm:1.1.4"
  checksum: 10c0/a1a3f914156960902f46f7f56bc62effc6c94e84b2cae157a526b1c1f74b677a47ec602bf68a61abfa2b42d15b7c5651c6dbe72a43af720bc588dff885b10f95
  languageName: node
  linkType: hard

"color-string@npm:^1.9.0":
  version: 1.9.1
  resolution: "color-string@npm:1.9.1"
  dependencies:
    color-name: "npm:^1.0.0"
    simple-swizzle: "npm:^0.2.2"
  checksum: 10c0/b0bfd74c03b1f837f543898b512f5ea353f71630ccdd0d66f83028d1f0924a7d4272deb278b9aef376cacf1289b522ac3fb175e99895283645a2dc3a33af2404
  languageName: node
  linkType: hard

"color@npm:^4.2.3":
  version: 4.2.3
  resolution: "color@npm:4.2.3"
  dependencies:
    color-convert: "npm:^2.0.1"
    color-string: "npm:^1.9.0"
  checksum: 10c0/7fbe7cfb811054c808349de19fb380252e5e34e61d7d168ec3353e9e9aacb1802674bddc657682e4e9730c2786592a4de6f8283e7e0d3870b829bb0b7b2f6118
  languageName: node
  linkType: hard

"css-color-keywords@npm:^1.0.0":
  version: 1.0.0
  resolution: "css-color-keywords@npm:1.0.0"
  checksum: 10c0/af205a86c68e0051846ed91eb3e30b4517e1904aac040013ff1d742019b3f9369ba5658ba40901dbbc121186fc4bf0e75a814321cc3e3182fbb2feb81c6d9cb7
  languageName: node
  linkType: hard

"css-to-react-native@npm:3.2.0":
  version: 3.2.0
  resolution: "css-to-react-native@npm:3.2.0"
  dependencies:
    camelize: "npm:^1.0.0"
    css-color-keywords: "npm:^1.0.0"
    postcss-value-parser: "npm:^4.0.2"
  checksum: 10c0/fde850a511d5d3d7c55a1e9b8ed26b69a8ad4868b3487e36ebfbfc0b96fc34bc977d9cd1d61a289d0c74d3f9a662d8cee297da53d4433bf2e27d6acdff8e1003
  languageName: node
  linkType: hard

"csstype@npm:3.1.3, csstype@npm:^3.1.3":
  version: 3.1.3
  resolution: "csstype@npm:3.1.3"
  checksum: 10c0/80c089d6f7e0c5b2bd83cf0539ab41474198579584fa10d86d0cafe0642202343cbc119e076a0b1aece191989477081415d66c9fefbf3c957fc2fc4b7009f248
  languageName: node
  linkType: hard

"detect-libc@npm:^1.0.3":
  version: 1.0.3
  resolution: "detect-libc@npm:1.0.3"
  bin:
    detect-libc: ./bin/detect-libc.js
  checksum: 10c0/4da0deae9f69e13bc37a0902d78bf7169480004b1fed3c19722d56cff578d16f0e11633b7fbf5fb6249181236c72e90024cbd68f0b9558ae06e281f47326d50d
  languageName: node
  linkType: hard

"detect-libc@npm:^2.0.3":
  version: 2.0.3
  resolution: "detect-libc@npm:2.0.3"
  checksum: 10c0/88095bda8f90220c95f162bf92cad70bd0e424913e655c20578600e35b91edc261af27531cf160a331e185c0ced93944bc7e09939143225f56312d7fd800fdb7
  languageName: node
  linkType: hard

"enhanced-resolve@npm:^5.18.1":
  version: 5.18.1
  resolution: "enhanced-resolve@npm:5.18.1"
  dependencies:
    graceful-fs: "npm:^4.2.4"
    tapable: "npm:^2.2.0"
  checksum: 10c0/4cffd9b125225184e2abed9fdf0ed3dbd2224c873b165d0838fd066cde32e0918626cba2f1f4bf6860762f13a7e2364fd89a82b99566be2873d813573ac71846
  languageName: node
  linkType: hard

"framer-motion@npm:^12.5.0":
  version: 12.5.0
  resolution: "framer-motion@npm:12.5.0"
  dependencies:
    motion-dom: "npm:^12.5.0"
    motion-utils: "npm:^12.5.0"
    tslib: "npm:^2.4.0"
  peerDependencies:
    "@emotion/is-prop-valid": "*"
    react: ^18.0.0 || ^19.0.0
    react-dom: ^18.0.0 || ^19.0.0
  peerDependenciesMeta:
    "@emotion/is-prop-valid":
      optional: true
    react:
      optional: true
    react-dom:
      optional: true
  checksum: 10c0/ac632ea3a452e473abf9adad1d6777522b1dd2ed8cf567078a9997f07a388d7b9e68a3e9c102b1807e1e88af3d83eb2eb0d9476032059f4803a0c32bded9bf74
  languageName: node
  linkType: hard

"goober@npm:^2.1.16":
  version: 2.1.16
  resolution: "goober@npm:2.1.16"
  peerDependencies:
    csstype: ^3.0.10
  checksum: 10c0/f4c8256bf9c27873d47c1443f348779ac7f322516cb80a5dc647a6ebe790ce6bb9d3f487a0fb8be0b583fb96b9b2f6b7463f7fea3cd680306f95fa6fc9db1f6a
  languageName: node
  linkType: hard

"graceful-fs@npm:^4.2.4":
  version: 4.2.11
  resolution: "graceful-fs@npm:4.2.11"
  checksum: 10c0/386d011a553e02bc594ac2ca0bd6d9e4c22d7fa8cfbfc448a6d148c59ea881b092db9dbe3547ae4b88e55f1b01f7c4a2ecc53b310c042793e63aa44cf6c257f2
  languageName: node
  linkType: hard

"immer@npm:^10.0.3":
  version: 10.1.1
  resolution: "immer@npm:10.1.1"
  checksum: 10c0/b749e10d137ccae91788f41bd57e9387f32ea6d6ea8fd7eb47b23fd7766681575efc7f86ceef7fe24c3bc9d61e38ff5d2f49c2663b2b0c056e280a4510923653
  languageName: node
  linkType: hard

"is-arrayish@npm:^0.3.1":
  version: 0.3.2
  resolution: "is-arrayish@npm:0.3.2"
  checksum: 10c0/f59b43dc1d129edb6f0e282595e56477f98c40278a2acdc8b0a5c57097c9eff8fe55470493df5775478cf32a4dc8eaf6d3a749f07ceee5bc263a78b2434f6a54
  languageName: node
  linkType: hard

"jiti@npm:^2.4.2":
  version: 2.4.2
  resolution: "jiti@npm:2.4.2"
  bin:
    jiti: lib/jiti-cli.mjs
  checksum: 10c0/4ceac133a08c8faff7eac84aabb917e85e8257f5ad659e843004ce76e981c457c390a220881748ac67ba1b940b9b729b30fb85cbaf6e7989f04b6002c94da331
  languageName: node
  linkType: hard

"lightningcss-darwin-arm64@npm:1.29.1":
  version: 1.29.1
  resolution: "lightningcss-darwin-arm64@npm:1.29.1"
  conditions: os=darwin & cpu=arm64
  languageName: node
  linkType: hard

"lightningcss-darwin-x64@npm:1.29.1":
  version: 1.29.1
  resolution: "lightningcss-darwin-x64@npm:1.29.1"
  conditions: os=darwin & cpu=x64
  languageName: node
  linkType: hard

"lightningcss-freebsd-x64@npm:1.29.1":
  version: 1.29.1
  resolution: "lightningcss-freebsd-x64@npm:1.29.1"
  conditions: os=freebsd & cpu=x64
  languageName: node
  linkType: hard

"lightningcss-linux-arm-gnueabihf@npm:1.29.1":
  version: 1.29.1
  resolution: "lightningcss-linux-arm-gnueabihf@npm:1.29.1"
  conditions: os=linux & cpu=arm
  languageName: node
  linkType: hard

"lightningcss-linux-arm64-gnu@npm:1.29.1":
  version: 1.29.1
  resolution: "lightningcss-linux-arm64-gnu@npm:1.29.1"
  conditions: os=linux & cpu=arm64 & libc=glibc
  languageName: node
  linkType: hard

"lightningcss-linux-arm64-musl@npm:1.29.1":
  version: 1.29.1
  resolution: "lightningcss-linux-arm64-musl@npm:1.29.1"
  conditions: os=linux & cpu=arm64 & libc=musl
  languageName: node
  linkType: hard

"lightningcss-linux-x64-gnu@npm:1.29.1":
  version: 1.29.1
  resolution: "lightningcss-linux-x64-gnu@npm:1.29.1"
  conditions: os=linux & cpu=x64 & libc=glibc
  languageName: node
  linkType: hard

"lightningcss-linux-x64-musl@npm:1.29.1":
  version: 1.29.1
  resolution: "lightningcss-linux-x64-musl@npm:1.29.1"
  conditions: os=linux & cpu=x64 & libc=musl
  languageName: node
  linkType: hard

"lightningcss-win32-arm64-msvc@npm:1.29.1":
  version: 1.29.1
  resolution: "lightningcss-win32-arm64-msvc@npm:1.29.1"
  conditions: os=win32 & cpu=arm64
  languageName: node
  linkType: hard

"lightningcss-win32-x64-msvc@npm:1.29.1":
  version: 1.29.1
  resolution: "lightningcss-win32-x64-msvc@npm:1.29.1"
  conditions: os=win32 & cpu=x64
  languageName: node
  linkType: hard

"lightningcss@npm:^1.29.1":
  version: 1.29.1
  resolution: "lightningcss@npm:1.29.1"
  dependencies:
    detect-libc: "npm:^1.0.3"
    lightningcss-darwin-arm64: "npm:1.29.1"
    lightningcss-darwin-x64: "npm:1.29.1"
    lightningcss-freebsd-x64: "npm:1.29.1"
    lightningcss-linux-arm-gnueabihf: "npm:1.29.1"
    lightningcss-linux-arm64-gnu: "npm:1.29.1"
    lightningcss-linux-arm64-musl: "npm:1.29.1"
    lightningcss-linux-x64-gnu: "npm:1.29.1"
    lightningcss-linux-x64-musl: "npm:1.29.1"
    lightningcss-win32-arm64-msvc: "npm:1.29.1"
    lightningcss-win32-x64-msvc: "npm:1.29.1"
  dependenciesMeta:
    lightningcss-darwin-arm64:
      optional: true
    lightningcss-darwin-x64:
      optional: true
    lightningcss-freebsd-x64:
      optional: true
    lightningcss-linux-arm-gnueabihf:
      optional: true
    lightningcss-linux-arm64-gnu:
      optional: true
    lightningcss-linux-arm64-musl:
      optional: true
    lightningcss-linux-x64-gnu:
      optional: true
    lightningcss-linux-x64-musl:
      optional: true
    lightningcss-win32-arm64-msvc:
      optional: true
    lightningcss-win32-x64-msvc:
      optional: true
  checksum: 10c0/c2f421f8fdbdf7e5fe271f12d18ffaf332a11c88094b2bcfb90c56d6a442281c609e23ad56b8974002d61f117e171c967e1fe74ffa458bed810e6c7526cd8c93
  languageName: node
  linkType: hard

"lucide-react@npm:^0.482.0":
  version: 0.482.0
  resolution: "lucide-react@npm:0.482.0"
  peerDependencies:
    react: ^16.5.1 || ^17.0.0 || ^18.0.0 || ^19.0.0
  checksum: 10c0/02ffc5e29da9306da856612fa089b168d4100b0bc70ea182d51e4abc43ee43227647573befd58d341fc1bef4b989e49eb5e41f11817b5bd01d5e8ada4abfbdca
  languageName: node
  linkType: hard

"mavo-nextjs15@workspace:.":
  version: 0.0.0-use.local
  resolution: "mavo-nextjs15@workspace:."
  dependencies:
    "@reduxjs/toolkit": "npm:^2.6.1"
    "@tailwindcss/postcss": "npm:^4"
    "@tanstack/react-query": "npm:^5.67.2"
    lucide-react: "npm:^0.482.0"
    motion: "npm:^12.5.0"
    next: "npm:15.2.1"
    react: "npm:^19.0.0"
    react-dom: "npm:^19.0.0"
    react-fast-marquee: "npm:^1.6.5"
    react-hot-toast: "npm:^2.5.2"
    react-loader-spinner: "npm:^6.1.6"
    react-redux: "npm:^9.2.0"
    swiper: "npm:^11.2.5"
    tailwind-merge: "npm:^3.2.0"
    tailwindcss: "npm:^4"
  languageName: unknown
  linkType: soft

"motion-dom@npm:^12.5.0":
  version: 12.5.0
  resolution: "motion-dom@npm:12.5.0"
  dependencies:
    motion-utils: "npm:^12.5.0"
  checksum: 10c0/32e6029a14c23a82392253ecd5349f3d7c603edac6e214357c6657560c90dff42163b40d7a9d93cd31c6eaded39765e115a1abf137496baec27942803f4bc56e
  languageName: node
  linkType: hard

"motion-utils@npm:^12.5.0":
  version: 12.5.0
  resolution: "motion-utils@npm:12.5.0"
  checksum: 10c0/f556240efda96a4bb86b13bb0e6cad689b2665ca688b2616585a7c7db182e3b8d93377ff1fb3782ca0088a4a8aa6dd5e47e81fda5c19ab334f01812eade639ef
  languageName: node
  linkType: hard

"motion@npm:^12.5.0":
  version: 12.5.0
  resolution: "motion@npm:12.5.0"
  dependencies:
    framer-motion: "npm:^12.5.0"
    tslib: "npm:^2.4.0"
  peerDependencies:
    "@emotion/is-prop-valid": "*"
    react: ^18.0.0 || ^19.0.0
    react-dom: ^18.0.0 || ^19.0.0
  peerDependenciesMeta:
    "@emotion/is-prop-valid":
      optional: true
    react:
      optional: true
    react-dom:
      optional: true
  checksum: 10c0/0ebc6bea6b4d64b1d07436bd16ab5e6c82f52fb424b4012c1347b8cfa8aa1b8d38d151a2bff47f92f6e69e55f32a84c6558d0a4b71ee824bc08e22f5f33cf152
  languageName: node
  linkType: hard

"nanoid@npm:^3.3.6, nanoid@npm:^3.3.8":
  version: 3.3.8
  resolution: "nanoid@npm:3.3.8"
  bin:
    nanoid: bin/nanoid.cjs
  checksum: 10c0/4b1bb29f6cfebf3be3bc4ad1f1296fb0a10a3043a79f34fbffe75d1621b4318319211cd420549459018ea3592f0d2f159247a6f874911d6d26eaaadda2478120
  languageName: node
  linkType: hard

"nanoid@npm:^3.3.7":
  version: 3.3.9
  resolution: "nanoid@npm:3.3.9"
  bin:
    nanoid: bin/nanoid.cjs
  checksum: 10c0/4515abe53db7b150cf77074558efc20d8e916d6910d557b5ce72e8bbf6f8e7554d3d7a0d180bfa65e5d8e99aa51b207aa8a3bf5f3b56233897b146d592e30b24
  languageName: node
  linkType: hard

"next@npm:15.2.1":
  version: 15.2.1
  resolution: "next@npm:15.2.1"
  dependencies:
    "@next/env": "npm:15.2.1"
    "@next/swc-darwin-arm64": "npm:15.2.1"
    "@next/swc-darwin-x64": "npm:15.2.1"
    "@next/swc-linux-arm64-gnu": "npm:15.2.1"
    "@next/swc-linux-arm64-musl": "npm:15.2.1"
    "@next/swc-linux-x64-gnu": "npm:15.2.1"
    "@next/swc-linux-x64-musl": "npm:15.2.1"
    "@next/swc-win32-arm64-msvc": "npm:15.2.1"
    "@next/swc-win32-x64-msvc": "npm:15.2.1"
    "@swc/counter": "npm:0.1.3"
    "@swc/helpers": "npm:0.5.15"
    busboy: "npm:1.6.0"
    caniuse-lite: "npm:^1.0.30001579"
    postcss: "npm:8.4.31"
    sharp: "npm:^0.33.5"
    styled-jsx: "npm:5.1.6"
  peerDependencies:
    "@opentelemetry/api": ^1.1.0
    "@playwright/test": ^1.41.2
    babel-plugin-react-compiler: "*"
    react: ^18.2.0 || 19.0.0-rc-de68d2f4-20241204 || ^19.0.0
    react-dom: ^18.2.0 || 19.0.0-rc-de68d2f4-20241204 || ^19.0.0
    sass: ^1.3.0
  dependenciesMeta:
    "@next/swc-darwin-arm64":
      optional: true
    "@next/swc-darwin-x64":
      optional: true
    "@next/swc-linux-arm64-gnu":
      optional: true
    "@next/swc-linux-arm64-musl":
      optional: true
    "@next/swc-linux-x64-gnu":
      optional: true
    "@next/swc-linux-x64-musl":
      optional: true
    "@next/swc-win32-arm64-msvc":
      optional: true
    "@next/swc-win32-x64-msvc":
      optional: true
    sharp:
      optional: true
  peerDependenciesMeta:
    "@opentelemetry/api":
      optional: true
    "@playwright/test":
      optional: true
    babel-plugin-react-compiler:
      optional: true
    sass:
      optional: true
  bin:
    next: dist/bin/next
  checksum: 10c0/9e46b78b3ed15e65f2dd0b4c697ae5ed811825fda8694df97b14bdeb39663906fb7ddf13be3ed74911a2098bf9a4648d88abb7d2c44b25a6a5bf0bd6c39a395d
  languageName: node
  linkType: hard

"picocolors@npm:^1.0.0, picocolors@npm:^1.1.1":
  version: 1.1.1
  resolution: "picocolors@npm:1.1.1"
  checksum: 10c0/e2e3e8170ab9d7c7421969adaa7e1b31434f789afb9b3f115f6b96d91945041ac3ceb02e9ec6fe6510ff036bcc0bf91e69a1772edc0b707e12b19c0f2d6bcf58
  languageName: node
  linkType: hard

"postcss-value-parser@npm:^4.0.2":
  version: 4.2.0
  resolution: "postcss-value-parser@npm:4.2.0"
  checksum: 10c0/f4142a4f56565f77c1831168e04e3effd9ffcc5aebaf0f538eee4b2d465adfd4b85a44257bb48418202a63806a7da7fe9f56c330aebb3cac898e46b4cbf49161
  languageName: node
  linkType: hard

"postcss@npm:8.4.31":
  version: 8.4.31
  resolution: "postcss@npm:8.4.31"
  dependencies:
    nanoid: "npm:^3.3.6"
    picocolors: "npm:^1.0.0"
    source-map-js: "npm:^1.0.2"
  checksum: 10c0/748b82e6e5fc34034dcf2ae88ea3d11fd09f69b6c50ecdd3b4a875cfc7cdca435c958b211e2cb52355422ab6fccb7d8f2f2923161d7a1b281029e4a913d59acf
  languageName: node
  linkType: hard

"postcss@npm:8.4.49":
  version: 8.4.49
  resolution: "postcss@npm:8.4.49"
  dependencies:
    nanoid: "npm:^3.3.7"
    picocolors: "npm:^1.1.1"
    source-map-js: "npm:^1.2.1"
  checksum: 10c0/f1b3f17aaf36d136f59ec373459f18129908235e65dbdc3aee5eef8eba0756106f52de5ec4682e29a2eab53eb25170e7e871b3e4b52a8f1de3d344a514306be3
  languageName: node
  linkType: hard

"postcss@npm:^8.4.41":
  version: 8.5.3
  resolution: "postcss@npm:8.5.3"
  dependencies:
    nanoid: "npm:^3.3.8"
    picocolors: "npm:^1.1.1"
    source-map-js: "npm:^1.2.1"
  checksum: 10c0/b75510d7b28c3ab728c8733dd01538314a18c52af426f199a3c9177e63eb08602a3938bfb66b62dc01350b9aed62087eabbf229af97a1659eb8d3513cec823b3
  languageName: node
  linkType: hard

"react-dom@npm:^19.0.0":
  version: 19.0.0
  resolution: "react-dom@npm:19.0.0"
  dependencies:
    scheduler: "npm:^0.25.0"
  peerDependencies:
    react: ^19.0.0
  checksum: 10c0/a36ce7ab507b237ae2759c984cdaad4af4096d8199fb65b3815c16825e5cfeb7293da790a3fc2184b52bfba7ba3ff31c058c01947aff6fd1a3701632aabaa6a9
  languageName: node
  linkType: hard

"react-fast-marquee@npm:^1.6.5":
  version: 1.6.5
  resolution: "react-fast-marquee@npm:1.6.5"
  peerDependencies:
    react: ">= 16.8.0 || ^18.0.0"
    react-dom: ">= 16.8.0 || ^18.0.0"
  checksum: 10c0/ea2378c4cd1eb323d004e8c2ff6222a7a4def311e00f0bd0c99adebc906aa56a078c2101b3c6697109b15dcf177bfa31edd95b9f7a114887072e3103fe234ecd
  languageName: node
  linkType: hard

"react-hot-toast@npm:^2.5.2":
  version: 2.5.2
  resolution: "react-hot-toast@npm:2.5.2"
  dependencies:
    csstype: "npm:^3.1.3"
    goober: "npm:^2.1.16"
  peerDependencies:
    react: ">=16"
    react-dom: ">=16"
  checksum: 10c0/2db00b491bd1d2ec3ed04754a32b640272cdb32985f95e32ef033fcc996588a93e67d9764b005f9f391ee2bad5d0f9f343ba290dca82fcd439e08e708a161d76
  languageName: node
  linkType: hard

"react-is@npm:^18.2.0":
  version: 18.3.1
  resolution: "react-is@npm:18.3.1"
  checksum: 10c0/f2f1e60010c683479e74c63f96b09fb41603527cd131a9959e2aee1e5a8b0caf270b365e5ca77d4a6b18aae659b60a86150bb3979073528877029b35aecd2072
  languageName: node
  linkType: hard

"react-loader-spinner@npm:^6.1.6":
  version: 6.1.6
  resolution: "react-loader-spinner@npm:6.1.6"
  dependencies:
    react-is: "npm:^18.2.0"
    styled-components: "npm:^6.1.2"
  peerDependencies:
    react: ^16.0.0 || ^17.0.0 || ^18.0.0
    react-dom: ^16.0.0 || ^17.0.0 || ^18.0.0
  checksum: 10c0/20d9d31b4cbd0720d8d9c818babbb9aaa430fe0adbbf85a90d585f7ac6bd1a338df9beb6c63f970de4d41c95ccd2cf2751e0842486e392fa7b0796c945535e43
  languageName: node
  linkType: hard

"react-redux@npm:^9.2.0":
  version: 9.2.0
  resolution: "react-redux@npm:9.2.0"
  dependencies:
    "@types/use-sync-external-store": "npm:^0.0.6"
    use-sync-external-store: "npm:^1.4.0"
  peerDependencies:
    "@types/react": ^18.2.25 || ^19
    react: ^18.0 || ^19
    redux: ^5.0.0
  peerDependenciesMeta:
    "@types/react":
      optional: true
    redux:
      optional: true
  checksum: 10c0/00d485f9d9219ca1507b4d30dde5f6ff8fb68ba642458f742e0ec83af052f89e65cd668249b99299e1053cc6ad3d2d8ac6cb89e2f70d2ac5585ae0d7fa0ef259
  languageName: node
  linkType: hard

"react@npm:^19.0.0":
  version: 19.0.0
  resolution: "react@npm:19.0.0"
  checksum: 10c0/9cad8f103e8e3a16d15cb18a0d8115d8bd9f9e1ce3420310aea381eb42aa0a4f812cf047bb5441349257a05fba8a291515691e3cb51267279b2d2c3253f38471
  languageName: node
  linkType: hard

"redux-thunk@npm:^3.1.0":
  version: 3.1.0
  resolution: "redux-thunk@npm:3.1.0"
  peerDependencies:
    redux: ^5.0.0
  checksum: 10c0/21557f6a30e1b2e3e470933247e51749be7f1d5a9620069a3125778675ce4d178d84bdee3e2a0903427a5c429e3aeec6d4df57897faf93eb83455bc1ef7b66fd
  languageName: node
  linkType: hard

"redux@npm:^5.0.1":
  version: 5.0.1
  resolution: "redux@npm:5.0.1"
  checksum: 10c0/b10c28357194f38e7d53b760ed5e64faa317cc63de1fb95bc5d9e127fab956392344368c357b8e7a9bedb0c35b111e7efa522210cfdc3b3c75e5074718e9069c
  languageName: node
  linkType: hard

"reselect@npm:^5.1.0":
  version: 5.1.1
  resolution: "reselect@npm:5.1.1"
  checksum: 10c0/219c30da122980f61853db3aebd173524a2accd4b3baec770e3d51941426c87648a125ca08d8c57daa6b8b086f2fdd2703cb035dd6231db98cdbe1176a71f489
  languageName: node
  linkType: hard

"scheduler@npm:^0.25.0":
  version: 0.25.0
  resolution: "scheduler@npm:0.25.0"
  checksum: 10c0/a4bb1da406b613ce72c1299db43759526058fdcc413999c3c3e0db8956df7633acf395cb20eb2303b6a65d658d66b6585d344460abaee8080b4aa931f10eaafe
  languageName: node
  linkType: hard

"semver@npm:^7.6.3":
  version: 7.7.1
  resolution: "semver@npm:7.7.1"
  bin:
    semver: bin/semver.js
  checksum: 10c0/fd603a6fb9c399c6054015433051bdbe7b99a940a8fb44b85c2b524c4004b023d7928d47cb22154f8d054ea7ee8597f586605e05b52047f048278e4ac56ae958
  languageName: node
  linkType: hard

"shallowequal@npm:1.1.0":
  version: 1.1.0
  resolution: "shallowequal@npm:1.1.0"
  checksum: 10c0/b926efb51cd0f47aa9bc061add788a4a650550bbe50647962113a4579b60af2abe7b62f9b02314acc6f97151d4cf87033a2b15fc20852fae306d1a095215396c
  languageName: node
  linkType: hard

"sharp@npm:^0.33.5":
  version: 0.33.5
  resolution: "sharp@npm:0.33.5"
  dependencies:
    "@img/sharp-darwin-arm64": "npm:0.33.5"
    "@img/sharp-darwin-x64": "npm:0.33.5"
    "@img/sharp-libvips-darwin-arm64": "npm:1.0.4"
    "@img/sharp-libvips-darwin-x64": "npm:1.0.4"
    "@img/sharp-libvips-linux-arm": "npm:1.0.5"
    "@img/sharp-libvips-linux-arm64": "npm:1.0.4"
    "@img/sharp-libvips-linux-s390x": "npm:1.0.4"
    "@img/sharp-libvips-linux-x64": "npm:1.0.4"
    "@img/sharp-libvips-linuxmusl-arm64": "npm:1.0.4"
    "@img/sharp-libvips-linuxmusl-x64": "npm:1.0.4"
    "@img/sharp-linux-arm": "npm:0.33.5"
    "@img/sharp-linux-arm64": "npm:0.33.5"
    "@img/sharp-linux-s390x": "npm:0.33.5"
    "@img/sharp-linux-x64": "npm:0.33.5"
    "@img/sharp-linuxmusl-arm64": "npm:0.33.5"
    "@img/sharp-linuxmusl-x64": "npm:0.33.5"
    "@img/sharp-wasm32": "npm:0.33.5"
    "@img/sharp-win32-ia32": "npm:0.33.5"
    "@img/sharp-win32-x64": "npm:0.33.5"
    color: "npm:^4.2.3"
    detect-libc: "npm:^2.0.3"
    semver: "npm:^7.6.3"
  dependenciesMeta:
    "@img/sharp-darwin-arm64":
      optional: true
    "@img/sharp-darwin-x64":
      optional: true
    "@img/sharp-libvips-darwin-arm64":
      optional: true
    "@img/sharp-libvips-darwin-x64":
      optional: true
    "@img/sharp-libvips-linux-arm":
      optional: true
    "@img/sharp-libvips-linux-arm64":
      optional: true
    "@img/sharp-libvips-linux-s390x":
      optional: true
    "@img/sharp-libvips-linux-x64":
      optional: true
    "@img/sharp-libvips-linuxmusl-arm64":
      optional: true
    "@img/sharp-libvips-linuxmusl-x64":
      optional: true
    "@img/sharp-linux-arm":
      optional: true
    "@img/sharp-linux-arm64":
      optional: true
    "@img/sharp-linux-s390x":
      optional: true
    "@img/sharp-linux-x64":
      optional: true
    "@img/sharp-linuxmusl-arm64":
      optional: true
    "@img/sharp-linuxmusl-x64":
      optional: true
    "@img/sharp-wasm32":
      optional: true
    "@img/sharp-win32-ia32":
      optional: true
    "@img/sharp-win32-x64":
      optional: true
  checksum: 10c0/6b81421ddfe6ee524d8d77e325c5e147fef22884e1c7b1656dfd89a88d7025894115da02d5f984261bf2e6daa16f98cadd1721c4ba408b4212b1d2a60f233484
  languageName: node
  linkType: hard

"simple-swizzle@npm:^0.2.2":
  version: 0.2.2
  resolution: "simple-swizzle@npm:0.2.2"
  dependencies:
    is-arrayish: "npm:^0.3.1"
  checksum: 10c0/df5e4662a8c750bdba69af4e8263c5d96fe4cd0f9fe4bdfa3cbdeb45d2e869dff640beaaeb1ef0e99db4d8d2ec92f85508c269f50c972174851bc1ae5bd64308
  languageName: node
  linkType: hard

"source-map-js@npm:^1.0.2, source-map-js@npm:^1.2.1":
  version: 1.2.1
  resolution: "source-map-js@npm:1.2.1"
  checksum: 10c0/7bda1fc4c197e3c6ff17de1b8b2c20e60af81b63a52cb32ec5a5d67a20a7d42651e2cb34ebe93833c5a2a084377e17455854fee3e21e7925c64a51b6a52b0faf
  languageName: node
  linkType: hard

"streamsearch@npm:^1.1.0":
  version: 1.1.0
  resolution: "streamsearch@npm:1.1.0"
  checksum: 10c0/fbd9aecc2621364384d157f7e59426f4bfd385e8b424b5aaa79c83a6f5a1c8fd2e4e3289e95de1eb3511cb96bb333d6281a9919fafce760e4edb35b2cd2facab
  languageName: node
  linkType: hard

"styled-components@npm:^6.1.2":
  version: 6.1.15
  resolution: "styled-components@npm:6.1.15"
  dependencies:
    "@emotion/is-prop-valid": "npm:1.2.2"
    "@emotion/unitless": "npm:0.8.1"
    "@types/stylis": "npm:4.2.5"
    css-to-react-native: "npm:3.2.0"
    csstype: "npm:3.1.3"
    postcss: "npm:8.4.49"
    shallowequal: "npm:1.1.0"
    stylis: "npm:4.3.2"
    tslib: "npm:2.6.2"
  peerDependencies:
    react: ">= 16.8.0"
    react-dom: ">= 16.8.0"
  checksum: 10c0/7c29db75af722599e10962ef74edd86423275385a3bf6baeb76783dfacc3de7608d1cc07b0d5866986e5263d60f0801b0d1f5b3b63be1af23bed68fdca8eaab6
  languageName: node
  linkType: hard

"styled-jsx@npm:5.1.6":
  version: 5.1.6
  resolution: "styled-jsx@npm:5.1.6"
  dependencies:
    client-only: "npm:0.0.1"
  peerDependencies:
    react: ">= 16.8.0 || 17.x.x || ^18.0.0-0 || ^19.0.0-0"
  peerDependenciesMeta:
    "@babel/core":
      optional: true
    babel-plugin-macros:
      optional: true
  checksum: 10c0/ace50e7ea5ae5ae6a3b65a50994c51fca6ae7df9c7ecfd0104c36be0b4b3a9c5c1a2374d16e2a11e256d0b20be6d47256d768ecb4f91ab390f60752a075780f5
  languageName: node
  linkType: hard

"stylis@npm:4.3.2":
  version: 4.3.2
  resolution: "stylis@npm:4.3.2"
  checksum: 10c0/0410e1404cbeee3388a9e17587875211ce2f014c8379af0d1e24ca55878867c9f1ccc7b0ce9a156ca53f5d6e301391a82b0645522a604674a378b3189a4a1994
  languageName: node
  linkType: hard

"swiper@npm:^11.2.5":
  version: 11.2.5
  resolution: "swiper@npm:11.2.5"
  checksum: 10c0/dd1e598a810ee4e38316dc6bb80d27be374faf78385f44669f24c46427929d8532e96fc52fb45b8c9edb956074408ce14208355ff8410d68a71e5f8f39287da1
  languageName: node
  linkType: hard

"tailwind-merge@npm:^3.2.0":
  version: 3.2.0
  resolution: "tailwind-merge@npm:3.2.0"
  checksum: 10c0/294f6c2db0df74405bff126107107426c3126a70a1717d78e8d6811db65546c9bb3d61282bdb8d9fbded23f6bc8ec3e8e61031a4f53265f90b7f3dba558f88f4
  languageName: node
  linkType: hard

"tailwindcss@npm:4.0.9, tailwindcss@npm:^4":
  version: 4.0.9
  resolution: "tailwindcss@npm:4.0.9"
  checksum: 10c0/92e5f0ff9d98b4b7c79419e21b02d703aafa86f1d9b92b039cc0ac3e2963e763c5c9bcfc2afdf9f46fc709812c1aab12565b02bebe70dcaaccb2773884cc0654
  languageName: node
  linkType: hard

"tapable@npm:^2.2.0":
  version: 2.2.1
  resolution: "tapable@npm:2.2.1"
  checksum: 10c0/bc40e6efe1e554d075469cedaba69a30eeb373552aaf41caeaaa45bf56ffacc2674261b106245bd566b35d8f3329b52d838e851ee0a852120acae26e622925c9
  languageName: node
  linkType: hard

"tslib@npm:2.6.2":
  version: 2.6.2
  resolution: "tslib@npm:2.6.2"
  checksum: 10c0/e03a8a4271152c8b26604ed45535954c0a45296e32445b4b87f8a5abdb2421f40b59b4ca437c4346af0f28179780d604094eb64546bee2019d903d01c6c19bdb
  languageName: node
  linkType: hard

"tslib@npm:^2.4.0, tslib@npm:^2.8.0":
  version: 2.8.1
  resolution: "tslib@npm:2.8.1"
  checksum: 10c0/9c4759110a19c53f992d9aae23aac5ced636e99887b51b9e61def52611732872ff7668757d4e4c61f19691e36f4da981cd9485e869b4a7408d689f6bf1f14e62
  languageName: node
  linkType: hard

"use-sync-external-store@npm:^1.4.0":
  version: 1.5.0
  resolution: "use-sync-external-store@npm:1.5.0"
  peerDependencies:
    react: ^16.8.0 || ^17.0.0 || ^18.0.0 || ^19.0.0
  checksum: 10c0/1b8663515c0be34fa653feb724fdcce3984037c78dd4a18f68b2c8be55cc1a1084c578d5b75f158d41b5ddffc2bf5600766d1af3c19c8e329bb20af2ec6f52f4
  languageName: node
  linkType: hard
